
Microsoft Visual Studio Solution File, Format Version 12.00
# Visual Studio 2013
VisualStudioVersion = 12.0.21005.1
MinimumVisualStudioVersion = 10.0.40219.1
Project("{FAE04EC0-301F-11D3-BF4B-00C04F79EFBC}") = "mezzo.service", "mezzo.service\mezzo.service.csproj", "{4637B3C0-67D9-4395-8702-87A215B63B68}"
EndProject
Project("{FAE04EC0-301F-11D3-BF4B-00C04F79EFBC}") = "mezzo.dto", "mezzo.dto\mezzo.dto.csproj", "{55941010-00D9-42DE-BB6C-F5E9EFE593EE}"
EndProject
Project("{FAE04EC0-301F-11D3-BF4B-00C04F79EFBC}") = "mezzo.test", "mezzo.test\mezzo.test.csproj", "{0E5CB3AC-0DD0-4B9F-9AFD-4E5C2F859F93}"
EndProject
Project("{FAE04EC0-301F-11D3-BF4B-00C04F79EFBC}") = "mezzo.api", "mezzo.api\mezzo.api.csproj", "{DF3C830C-19C6-435F-9EAD-29F5A7E6C3D1}"
EndProject
Global
	GlobalSection(SolutionConfigurationPlatforms) = preSolution
		Debug|Any CPU = Debug|Any CPU
		Release|Any CPU = Release|Any CPU
	EndGlobalSection
	GlobalSection(ProjectConfigurationPlatforms) = postSolution
		{4637B3C0-67D9-4395-8702-87A215B63B68}.Debug|Any CPU.ActiveCfg = Debug|Any CPU
		{4637B3C0-67D9-4395-8702-87A215B63B68}.Debug|Any CPU.Build.0 = Debug|Any CPU
		{4637B3C0-67D9-4395-8702-87A215B63B68}.Release|Any CPU.ActiveCfg = Release|Any CPU
		{4637B3C0-67D9-4395-8702-87A215B63B68}.Release|Any CPU.Build.0 = Release|Any CPU
		{55941010-00D9-42DE-BB6C-F5E9EFE593EE}.Debug|Any CPU.ActiveCfg = Debug|Any CPU
		{55941010-00D9-42DE-BB6C-F5E9EFE593EE}.Debug|Any CPU.Build.0 = Debug|Any CPU
		{55941010-00D9-42DE-BB6C-F5E9EFE593EE}.Release|Any CPU.ActiveCfg = Release|Any CPU
		{55941010-00D9-42DE-BB6C-F5E9EFE593EE}.Release|Any CPU.Build.0 = Release|Any CPU
		{0E5CB3AC-0DD0-4B9F-9AFD-4E5C2F859F93}.Debug|Any CPU.ActiveCfg = Debug|Any CPU
		{0E5CB3AC-0DD0-4B9F-9AFD-4E5C2F859F93}.Debug|Any CPU.Build.0 = Debug|Any CPU
		{0E5CB3AC-0DD0-4B9F-9AFD-4E5C2F859F93}.Release|Any CPU.ActiveCfg = Release|Any CPU
		{0E5CB3AC-0DD0-4B9F-9AFD-4E5C2F859F93}.Release|Any CPU.Build.0 = Release|Any CPU
		{DF3C830C-19C6-435F-9EAD-29F5A7E6C3D1}.Debug|Any CPU.ActiveCfg = Debug|Any CPU
		{DF3C830C-19C6-435F-9EAD-29F5A7E6C3D1}.Debug|Any CPU.Build.0 = Debug|Any CPU
		{DF3C830C-19C6-435F-9EAD-29F5A7E6C3D1}.Release|Any CPU.ActiveCfg = Release|Any CPU
		{DF3C830C-19C6-435F-9EAD-29F5A7E6C3D1}.Release|Any CPU.Build.0 = Release|Any CPU
	EndGlobalSection
	GlobalSection(SolutionProperties) = preSolution
		HideSolutionNode = FALSE
	EndGlobalSection
EndGlobal
